
Microsoft Visual Studio Solution File, Format Version 12.00
# Visual Studio Version 17
VisualStudioVersion = 17.0.32112.339
MinimumVisualStudioVersion = 10.0.40219.1
Project("{FAE04EC0-301F-11D3-BF4B-00C04F79EFBC}") = "QREcoBot", "QREcoBot\QREcoBot.csproj", "{89FF75CC-9A26-4350-97BA-59BED6F6A2C2}"
EndProject
Global
	GlobalSection(SolutionConfigurationPlatforms) = preSolution
		Debug|Any CPU = Debug|Any CPU
		Release|Any CPU = Release|Any CPU
	EndGlobalSection
	GlobalSection(ProjectConfigurationPlatforms) = postSolution
		{89FF75CC-9A26-4350-97BA-59BED6F6A2C2}.Debug|Any CPU.ActiveCfg = Debug|Any CPU
		{89FF75CC-9A26-4350-97BA-59BED6F6A2C2}.Debug|Any CPU.Build.0 = Debug|Any CPU
		{89FF75CC-9A26-4350-97BA-59BED6F6A2C2}.Release|Any CPU.ActiveCfg = Release|Any CPU
		{89FF75CC-9A26-4350-97BA-59BED6F6A2C2}.Release|Any CPU.Build.0 = Release|Any CPU
	EndGlobalSection
	GlobalSection(SolutionProperties) = preSolution
		HideSolutionNode = FALSE
	EndGlobalSection
	GlobalSection(ExtensibilityGlobals) = postSolution
		SolutionGuid = {BC77D40D-D9AC-4600-A378-9A31B3E99884}
	EndGlobalSection
EndGlobal
